
Microsoft Visual Studio Solution File, Format Version 12.00
Project("{FAE04EC0-301F-11D3-BF4B-00C04F79EFBC}") = "ItalianoPizzaAPI", "ItalianoPizzaAPI\ItalianoPizzaAPI.csproj", "{FABD56D7-A535-4226-B479-5D900773FDD0}"
EndProject
Project("{FAE04EC0-301F-11D3-BF4B-00C04F79EFBC}") = "ItalianoPizzaAPITests", "ItalianoPizzaAPITests\ItalianoPizzaAPITests.csproj", "{7353BA99-34F2-42D5-8C81-C05259E5369B}"
EndProject
Global
	GlobalSection(SolutionConfigurationPlatforms) = preSolution
		Debug|Any CPU = Debug|Any CPU
		Release|Any CPU = Release|Any CPU
	EndGlobalSection
	GlobalSection(ProjectConfigurationPlatforms) = postSolution
		{FABD56D7-A535-4226-B479-5D900773FDD0}.Debug|Any CPU.ActiveCfg = Debug|Any CPU
		{FABD56D7-A535-4226-B479-5D900773FDD0}.Debug|Any CPU.Build.0 = Debug|Any CPU
		{FABD56D7-A535-4226-B479-5D900773FDD0}.Release|Any CPU.ActiveCfg = Release|Any CPU
		{FABD56D7-A535-4226-B479-5D900773FDD0}.Release|Any CPU.Build.0 = Release|Any CPU
		{7353BA99-34F2-42D5-8C81-C05259E5369B}.Debug|Any CPU.ActiveCfg = Debug|Any CPU
		{7353BA99-34F2-42D5-8C81-C05259E5369B}.Debug|Any CPU.Build.0 = Debug|Any CPU
		{7353BA99-34F2-42D5-8C81-C05259E5369B}.Release|Any CPU.ActiveCfg = Release|Any CPU
		{7353BA99-34F2-42D5-8C81-C05259E5369B}.Release|Any CPU.Build.0 = Release|Any CPU
	EndGlobalSection
EndGlobal
